Microsoft Visual Studio Solution File, Format Version 12.00
# Visual Studio 15
VisualStudioVersion = 15.0.28307.1022
MinimumVisualStudioVersion = 10.0.40219.1
Project("{F184B08F-C81C-45F6-A57F-5ABD9991F28F}") = "WinSocket", "WinSocket\WinSocket.vbproj", "{D10ED304-AE65-4B1F-A844-43FE51FC489D}"
EndProject
Project("{F184B08F-C81C-45F6-A57F-5ABD9991F28F}") = "ProcessData", "ProcessData\ProcessData.vbproj", "{B06609D2-08B5-408E-8F16-78522A009C09}"
EndProject
Project("{F184B08F-C81C-45F6-A57F-5ABD9991F28F}") = "ACSSip2Service", "ACSSip2Service\ACSSip2Service.vbproj", "{30EADB20-5022-4F65-B2E1-7F322732D0EC}"
EndProject
Global
	GlobalSection(SolutionConfigurationPlatforms) = preSolution
		Debug|Any CPU = Debug|Any CPU
		Release|Any CPU = Release|Any CPU
	EndGlobalSection
	GlobalSection(ProjectConfigurationPlatforms) = postSolution
		{D10ED304-AE65-4B1F-A844-43FE51FC489D}.Debug|Any CPU.ActiveCfg = Debug|Any CPU
		{D10ED304-AE65-4B1F-A844-43FE51FC489D}.Debug|Any CPU.Build.0 = Debug|Any CPU
		{D10ED304-AE65-4B1F-A844-43FE51FC489D}.Release|Any CPU.ActiveCfg = Release|Any CPU
		{D10ED304-AE65-4B1F-A844-43FE51FC489D}.Release|Any CPU.Build.0 = Release|Any CPU
		{B06609D2-08B5-408E-8F16-78522A009C09}.Debug|Any CPU.ActiveCfg = Debug|Any CPU
		{B06609D2-08B5-408E-8F16-78522A009C09}.Debug|Any CPU.Build.0 = Debug|Any CPU
		{B06609D2-08B5-408E-8F16-78522A009C09}.Release|Any CPU.ActiveCfg = Release|Any CPU
		{B06609D2-08B5-408E-8F16-78522A009C09}.Release|Any CPU.Build.0 = Release|Any CPU
		{30EADB20-5022-4F65-B2E1-7F322732D0EC}.Debug|Any CPU.ActiveCfg = Debug|Any CPU
		{30EADB20-5022-4F65-B2E1-7F322732D0EC}.Debug|Any CPU.Build.0 = Debug|Any CPU
		{30EADB20-5022-4F65-B2E1-7F322732D0EC}.Release|Any CPU.ActiveCfg = Release|Any CPU
		{30EADB20-5022-4F65-B2E1-7F322732D0EC}.Release|Any CPU.Build.0 = Release|Any CPU
	EndGlobalSection
	GlobalSection(SolutionProperties) = preSolution
		HideSolutionNode = FALSE
	EndGlobalSection
	GlobalSection(ExtensibilityGlobals) = postSolution
		SolutionGuid = {0BF63F6B-2844-491F-A0FD-2D76DB8F8218}
	EndGlobalSection
EndGlobal
